
Microsoft Visual Studio Solution File, Format Version 12.00
# Visual Studio Version 16
VisualStudioVersion = 16.0.29519.87
MinimumVisualStudioVersion = 10.0.40219.1
Project("{2150E333-8FDC-42A3-9474-1A3956D46DE8}") = "src", "src", "{9932C965-8B38-4F70-9E43-86DC56860E2B}"
EndProject
Project("{2150E333-8FDC-42A3-9474-1A3956D46DE8}") = "test", "test", "{655E719B-4A3E-467C-A541-E0770AB81DE1}"
EndProject
Project("{9A19103F-16F7-4668-BE54-9A1E7A4F7556}") = "Pole.Core", "src\Pole.Core\Pole.Core.csproj", "{CA80F6EF-95A0-4BB7-BA8B-02E167E82865}"
EndProject
Project("{9A19103F-16F7-4668-BE54-9A1E7A4F7556}") = "Pole.Application", "src\Pole.Application\Pole.Application.csproj", "{C7825E5B-4FB0-4498-B8D1-E9EC0BC1AA5C}"
EndProject
Project("{9A19103F-16F7-4668-BE54-9A1E7A4F7556}") = "Pole.Domain", "src\Pole.Domain\Pole.Domain.csproj", "{6F6DBA49-4274-4C62-BBE7-91FCC5B77989}"
EndProject
Project("{9A19103F-16F7-4668-BE54-9A1E7A4F7556}") = "Pole.Domain.EntityframeworkCore", "src\Pole.Domain.EntityframeworkCore\Pole.Domain.EntityframeworkCore.csproj", "{1C26BE3A-CBEA-47D1-97A0-6DB4F41DFF5A}"
EndProject
Project("{9A19103F-16F7-4668-BE54-9A1E7A4F7556}") = "Pole.Grpc", "src\Pole.Grpc\Pole.Grpc.csproj", "{F40FE25F-6081-4B29-A7BD-CB5C24F6FDA8}"
EndProject
Project("{2150E333-8FDC-42A3-9474-1A3956D46DE8}") = "samples", "samples", "{4A0FB696-EC29-4A5F-B40B-A6FC56001ADB}"
EndProject
Project("{2150E333-8FDC-42A3-9474-1A3956D46DE8}") = "apis", "apis", "{475116FC-DEEC-4255-94E4-AE7B8C85038D}"
EndProject
Project("{9A19103F-16F7-4668-BE54-9A1E7A4F7556}") = "Pole.ReliableMessage", "src\Pole.ReliableMessage\Pole.ReliableMessage.csproj", "{699C75AB-4814-4E16-A3F3-9735C4C609FE}"
EndProject
Project("{9A19103F-16F7-4668-BE54-9A1E7A4F7556}") = "Pole.ReliableMessage.Masstransit", "src\Pole.ReliableMessage.Masstransit\Pole.ReliableMessage.Masstransit.csproj", "{051BECA5-5E65-4FCB-9B7F-C9E64809E218}"
EndProject
Project("{9A19103F-16F7-4668-BE54-9A1E7A4F7556}") = "Pole.ReliableMessage.Storage.Abstraction", "src\Pole.ReliableMessage.Storage.Abstraction\Pole.ReliableMessage.Storage.Abstraction.csproj", "{3D92F460-350B-4614-A6F6-C00A2D0FA9E2}"
EndProject
Project("{9A19103F-16F7-4668-BE54-9A1E7A4F7556}") = "Pole.ReliableMessage.Storage.Mongodb", "src\Pole.ReliableMessage.Storage.Mongodb\Pole.ReliableMessage.Storage.Mongodb.csproj", "{793C73C6-93DE-4A56-B979-137914B247F2}"
EndProject
Project("{9A19103F-16F7-4668-BE54-9A1E7A4F7556}") = "Pole.ReliableMessage.Storage.EntityframeworkCore", "src\Pole.ReliableMessage.Storage.EntityframeworkCore\Pole.ReliableMessage.Storage.EntityframeworkCore.csproj", "{805CF4F7-CCDC-4390-A92B-55E0FFA7F659}"
EndProject
Project("{2150E333-8FDC-42A3-9474-1A3956D46DE8}") = "webs", "webs", "{452B9D9E-881E-4E0E-A90B-98F2253F20F1}"
EndProject
Project("{9A19103F-16F7-4668-BE54-9A1E7A4F7556}") = "Order.Api", "samples\apis\Order.Api\Order.Api.csproj", "{098DF771-6DC6-45D4-ABFA-FF84E8F7750B}"
EndProject
Project("{9A19103F-16F7-4668-BE54-9A1E7A4F7556}") = "Product.Api", "samples\apis\Product.Api\Product.Api.csproj", "{125B1E4B-B1C1-4F85-9C6A-38815960E654}"
EndProject
Project("{9A19103F-16F7-4668-BE54-9A1E7A4F7556}") = "Backet.Api", "samples\apis\Backet.Api\Backet.Api.csproj", "{C961F25C-1C11-4855-84E4-ADABE96451E7}"
EndProject
Project("{9A19103F-16F7-4668-BE54-9A1E7A4F7556}") = "User.Api", "samples\apis\User.Api\User.Api.csproj", "{F65858EC-C34F-4121-BEC5-4E20DEA74A0A}"
EndProject
Project("{2150E333-8FDC-42A3-9474-1A3956D46DE8}") = "integrationEvents", "integrationEvents", "{74422E64-29FE-4287-A86E-741D1DFF6698}"
EndProject
Project("{9A19103F-16F7-4668-BE54-9A1E7A4F7556}") = "Product.IntegrationEvents", "samples\intergrationEvents\Product.IntegrationEvents\Product.IntegrationEvents.csproj", "{9C0DFC90-1AF9-424A-B5FB-2A7C3611970C}"
EndProject
Project("{FAE04EC0-301F-11D3-BF4B-00C04F79EFBC}") = "Pole.EventBus.Rabbitmq", "src\Pole.EventBus.Rabbitmq\Pole.EventBus.Rabbitmq.csproj", "{BDF62A19-FFBD-4EE1-A07A-68472E680A95}"
EndProject
Global
	GlobalSection(SolutionConfigurationPlatforms) = preSolution
		Debug|Any CPU = Debug|Any CPU
		Release|Any CPU = Release|Any CPU
	EndGlobalSection
	GlobalSection(ProjectConfigurationPlatforms) = postSolution
		{CA80F6EF-95A0-4BB7-BA8B-02E167E82865}.Debug|Any CPU.ActiveCfg = Debug|Any CPU
		{CA80F6EF-95A0-4BB7-BA8B-02E167E82865}.Debug|Any CPU.Build.0 = Debug|Any CPU
		{CA80F6EF-95A0-4BB7-BA8B-02E167E82865}.Release|Any CPU.ActiveCfg = Release|Any CPU
		{CA80F6EF-95A0-4BB7-BA8B-02E167E82865}.Release|Any CPU.Build.0 = Release|Any CPU
		{C7825E5B-4FB0-4498-B8D1-E9EC0BC1AA5C}.Debug|Any CPU.ActiveCfg = Debug|Any CPU
		{C7825E5B-4FB0-4498-B8D1-E9EC0BC1AA5C}.Debug|Any CPU.Build.0 = Debug|Any CPU
		{C7825E5B-4FB0-4498-B8D1-E9EC0BC1AA5C}.Release|Any CPU.ActiveCfg = Release|Any CPU
		{C7825E5B-4FB0-4498-B8D1-E9EC0BC1AA5C}.Release|Any CPU.Build.0 = Release|Any CPU
		{6F6DBA49-4274-4C62-BBE7-91FCC5B77989}.Debug|Any CPU.ActiveCfg = Debug|Any CPU
		{6F6DBA49-4274-4C62-BBE7-91FCC5B77989}.Debug|Any CPU.Build.0 = Debug|Any CPU
		{6F6DBA49-4274-4C62-BBE7-91FCC5B77989}.Release|Any CPU.ActiveCfg = Release|Any CPU
		{6F6DBA49-4274-4C62-BBE7-91FCC5B77989}.Release|Any CPU.Build.0 = Release|Any CPU
		{1C26BE3A-CBEA-47D1-97A0-6DB4F41DFF5A}.Debug|Any CPU.ActiveCfg = Debug|Any CPU
		{1C26BE3A-CBEA-47D1-97A0-6DB4F41DFF5A}.Debug|Any CPU.Build.0 = Debug|Any CPU
		{1C26BE3A-CBEA-47D1-97A0-6DB4F41DFF5A}.Release|Any CPU.ActiveCfg = Release|Any CPU
		{1C26BE3A-CBEA-47D1-97A0-6DB4F41DFF5A}.Release|Any CPU.Build.0 = Release|Any CPU
		{F40FE25F-6081-4B29-A7BD-CB5C24F6FDA8}.Debug|Any CPU.ActiveCfg = Debug|Any CPU
		{F40FE25F-6081-4B29-A7BD-CB5C24F6FDA8}.Debug|Any CPU.Build.0 = Debug|Any CPU
		{F40FE25F-6081-4B29-A7BD-CB5C24F6FDA8}.Release|Any CPU.ActiveCfg = Release|Any CPU
		{F40FE25F-6081-4B29-A7BD-CB5C24F6FDA8}.Release|Any CPU.Build.0 = Release|Any CPU
		{699C75AB-4814-4E16-A3F3-9735C4C609FE}.Debug|Any CPU.ActiveCfg = Debug|Any CPU
		{699C75AB-4814-4E16-A3F3-9735C4C609FE}.Debug|Any CPU.Build.0 = Debug|Any CPU
		{699C75AB-4814-4E16-A3F3-9735C4C609FE}.Release|Any CPU.ActiveCfg = Release|Any CPU
		{699C75AB-4814-4E16-A3F3-9735C4C609FE}.Release|Any CPU.Build.0 = Release|Any CPU
		{051BECA5-5E65-4FCB-9B7F-C9E64809E218}.Debug|Any CPU.ActiveCfg = Debug|Any CPU
		{051BECA5-5E65-4FCB-9B7F-C9E64809E218}.Debug|Any CPU.Build.0 = Debug|Any CPU
		{051BECA5-5E65-4FCB-9B7F-C9E64809E218}.Release|Any CPU.ActiveCfg = Release|Any CPU
		{051BECA5-5E65-4FCB-9B7F-C9E64809E218}.Release|Any CPU.Build.0 = Release|Any CPU
		{3D92F460-350B-4614-A6F6-C00A2D0FA9E2}.Debug|Any CPU.ActiveCfg = Debug|Any CPU
		{3D92F460-350B-4614-A6F6-C00A2D0FA9E2}.Debug|Any CPU.Build.0 = Debug|Any CPU
		{3D92F460-350B-4614-A6F6-C00A2D0FA9E2}.Release|Any CPU.ActiveCfg = Release|Any CPU
		{3D92F460-350B-4614-A6F6-C00A2D0FA9E2}.Release|Any CPU.Build.0 = Release|Any CPU
		{793C73C6-93DE-4A56-B979-137914B247F2}.Debug|Any CPU.ActiveCfg = Debug|Any CPU
		{793C73C6-93DE-4A56-B979-137914B247F2}.Debug|Any CPU.Build.0 = Debug|Any CPU
		{793C73C6-93DE-4A56-B979-137914B247F2}.Release|Any CPU.ActiveCfg = Release|Any CPU
		{793C73C6-93DE-4A56-B979-137914B247F2}.Release|Any CPU.Build.0 = Release|Any CPU
		{805CF4F7-CCDC-4390-A92B-55E0FFA7F659}.Debug|Any CPU.ActiveCfg = Debug|Any CPU
		{805CF4F7-CCDC-4390-A92B-55E0FFA7F659}.Debug|Any CPU.Build.0 = Debug|Any CPU
		{805CF4F7-CCDC-4390-A92B-55E0FFA7F659}.Release|Any CPU.ActiveCfg = Release|Any CPU
		{805CF4F7-CCDC-4390-A92B-55E0FFA7F659}.Release|Any CPU.Build.0 = Release|Any CPU
		{098DF771-6DC6-45D4-ABFA-FF84E8F7750B}.Debug|Any CPU.ActiveCfg = Debug|Any CPU
		{098DF771-6DC6-45D4-ABFA-FF84E8F7750B}.Debug|Any CPU.Build.0 = Debug|Any CPU
		{098DF771-6DC6-45D4-ABFA-FF84E8F7750B}.Release|Any CPU.ActiveCfg = Release|Any CPU
		{098DF771-6DC6-45D4-ABFA-FF84E8F7750B}.Release|Any CPU.Build.0 = Release|Any CPU
		{125B1E4B-B1C1-4F85-9C6A-38815960E654}.Debug|Any CPU.ActiveCfg = Debug|Any CPU
		{125B1E4B-B1C1-4F85-9C6A-38815960E654}.Debug|Any CPU.Build.0 = Debug|Any CPU
		{125B1E4B-B1C1-4F85-9C6A-38815960E654}.Release|Any CPU.ActiveCfg = Release|Any CPU
		{125B1E4B-B1C1-4F85-9C6A-38815960E654}.Release|Any CPU.Build.0 = Release|Any CPU
		{C961F25C-1C11-4855-84E4-ADABE96451E7}.Debug|Any CPU.ActiveCfg = Debug|Any CPU
		{C961F25C-1C11-4855-84E4-ADABE96451E7}.Debug|Any CPU.Build.0 = Debug|Any CPU
		{C961F25C-1C11-4855-84E4-ADABE96451E7}.Release|Any CPU.ActiveCfg = Release|Any CPU
		{C961F25C-1C11-4855-84E4-ADABE96451E7}.Release|Any CPU.Build.0 = Release|Any CPU
		{F65858EC-C34F-4121-BEC5-4E20DEA74A0A}.Debug|Any CPU.ActiveCfg = Debug|Any CPU
		{F65858EC-C34F-4121-BEC5-4E20DEA74A0A}.Debug|Any CPU.Build.0 = Debug|Any CPU
		{F65858EC-C34F-4121-BEC5-4E20DEA74A0A}.Release|Any CPU.ActiveCfg = Release|Any CPU
		{F65858EC-C34F-4121-BEC5-4E20DEA74A0A}.Release|Any CPU.Build.0 = Release|Any CPU
		{9C0DFC90-1AF9-424A-B5FB-2A7C3611970C}.Debug|Any CPU.ActiveCfg = Debug|Any CPU
		{9C0DFC90-1AF9-424A-B5FB-2A7C3611970C}.Debug|Any CPU.Build.0 = Debug|Any CPU
		{9C0DFC90-1AF9-424A-B5FB-2A7C3611970C}.Release|Any CPU.ActiveCfg = Release|Any CPU
		{9C0DFC90-1AF9-424A-B5FB-2A7C3611970C}.Release|Any CPU.Build.0 = Release|Any CPU
		{BDF62A19-FFBD-4EE1-A07A-68472E680A95}.Debug|Any CPU.ActiveCfg = Debug|Any CPU
		{BDF62A19-FFBD-4EE1-A07A-68472E680A95}.Debug|Any CPU.Build.0 = Debug|Any CPU
		{BDF62A19-FFBD-4EE1-A07A-68472E680A95}.Release|Any CPU.ActiveCfg = Release|Any CPU
		{BDF62A19-FFBD-4EE1-A07A-68472E680A95}.Release|Any CPU.Build.0 = Release|Any CPU
	EndGlobalSection
	GlobalSection(SolutionProperties) = preSolution
		HideSolutionNode = FALSE
	EndGlobalSection
	GlobalSection(NestedProjects) = preSolution
		{CA80F6EF-95A0-4BB7-BA8B-02E167E82865} = {9932C965-8B38-4F70-9E43-86DC56860E2B}
		{C7825E5B-4FB0-4498-B8D1-E9EC0BC1AA5C} = {9932C965-8B38-4F70-9E43-86DC56860E2B}
		{6F6DBA49-4274-4C62-BBE7-91FCC5B77989} = {9932C965-8B38-4F70-9E43-86DC56860E2B}
		{1C26BE3A-CBEA-47D1-97A0-6DB4F41DFF5A} = {9932C965-8B38-4F70-9E43-86DC56860E2B}
		{F40FE25F-6081-4B29-A7BD-CB5C24F6FDA8} = {9932C965-8B38-4F70-9E43-86DC56860E2B}
		{475116FC-DEEC-4255-94E4-AE7B8C85038D} = {4A0FB696-EC29-4A5F-B40B-A6FC56001ADB}
		{699C75AB-4814-4E16-A3F3-9735C4C609FE} = {9932C965-8B38-4F70-9E43-86DC56860E2B}
		{051BECA5-5E65-4FCB-9B7F-C9E64809E218} = {9932C965-8B38-4F70-9E43-86DC56860E2B}
		{3D92F460-350B-4614-A6F6-C00A2D0FA9E2} = {9932C965-8B38-4F70-9E43-86DC56860E2B}
		{793C73C6-93DE-4A56-B979-137914B247F2} = {9932C965-8B38-4F70-9E43-86DC56860E2B}
		{805CF4F7-CCDC-4390-A92B-55E0FFA7F659} = {9932C965-8B38-4F70-9E43-86DC56860E2B}
		{452B9D9E-881E-4E0E-A90B-98F2253F20F1} = {4A0FB696-EC29-4A5F-B40B-A6FC56001ADB}
		{098DF771-6DC6-45D4-ABFA-FF84E8F7750B} = {475116FC-DEEC-4255-94E4-AE7B8C85038D}
		{125B1E4B-B1C1-4F85-9C6A-38815960E654} = {475116FC-DEEC-4255-94E4-AE7B8C85038D}
		{C961F25C-1C11-4855-84E4-ADABE96451E7} = {475116FC-DEEC-4255-94E4-AE7B8C85038D}
		{F65858EC-C34F-4121-BEC5-4E20DEA74A0A} = {475116FC-DEEC-4255-94E4-AE7B8C85038D}
		{74422E64-29FE-4287-A86E-741D1DFF6698} = {4A0FB696-EC29-4A5F-B40B-A6FC56001ADB}
		{9C0DFC90-1AF9-424A-B5FB-2A7C3611970C} = {74422E64-29FE-4287-A86E-741D1DFF6698}
		{BDF62A19-FFBD-4EE1-A07A-68472E680A95} = {9932C965-8B38-4F70-9E43-86DC56860E2B}
	EndGlobalSection
	GlobalSection(ExtensibilityGlobals) = postSolution
		SolutionGuid = {DB0775A3-F293-4043-ADB7-72BAC081E87E}
	EndGlobalSection
EndGlobal
